// !$*UTF8*$!
{
	archiveVersion = 1;
	classes = {
	};
	objectVersion = 50;
	objects = {

/* Begin PBXBuildFile section */
		2917F0EB2428CB1000EFE651 /* AppDelegate.swift in Sources */ = {isa = PBXBuildFile; fileRef = 2917F0EA2428CB1000EFE651 /* AppDelegate.swift */; };
		2917F0ED2428CB1000EFE651 /* SceneDelegate.swift in Sources */ = {isa = PBXBuildFile; fileRef = 2917F0EC2428CB1000EFE651 /* SceneDelegate.swift */; };
		2917F0EF2428CB1000EFE651 /* ViewController.swift in Sources */ = {isa = PBXBuildFile; fileRef = 2917F0EE2428CB1000EFE651 /* ViewController.swift */; };
		2917F0F22428CB1000EFE651 /* Main.storyboard in Resources */ = {isa = PBXBuildFile; fileRef = 2917F0F02428CB1000EFE651 /* Main.storyboard */; };
		2917F0F42428CB1500EFE651 /* Assets.xcassets in Resources */ = {isa = PBXBuildFile; fileRef = 2917F0F32428CB1500EFE651 /* Assets.xcassets */; };
		2917F0F72428CB1500EFE651 /* LaunchScreen.storyboard in Resources */ = {isa = PBXBuildFile; fileRef = 2917F0F52428CB1500EFE651 /* LaunchScreen.storyboard */; };
		2917F1022428CB1500EFE651 /* I_Am_PoorTests.swift in Sources */ = {isa = PBXBuildFile; fileRef = 2917F1012428CB1500EFE651 /* I_Am_PoorTests.swift */; };
		2917F10D2428CB1500EFE651 /* I_Am_PoorUITests.swift in Sources */ = {isa = PBXBuildFile; fileRef = 2917F10C2428CB1500EFE651 /* I_Am_PoorUITests.swift */; };
/* End PBXBuildFile section */

/* Begin PBXContainerItemProxy section */
		2917F0FE2428CB1500EFE651 /* PBXContainerItemProxy */ = {
			isa = PBXContainerItemProxy;
			containerPortal = 2917F0DF2428CB1000EFE651 /* Project object */;
			proxyType = 1;
			remoteGlobalIDString = 2917F0E62428CB1000EFE651;
			remoteInfo = "I Am Poor";
		};
		2917F1092428CB1500EFE651 /* PBXContainerItemProxy */ = {
			isa = PBXContainerItemProxy;
			containerPortal = 2917F0DF2428CB1000EFE651 /* Project object */;
			proxyType = 1;
			remoteGlobalIDString = 2917F0E62428CB1000EFE651;
			remoteInfo = "I Am Poor";
		};
/* End PBXContainerItemProxy section */

/* Begin PBXFileReference section */
		2917F0E72428CB1000EFE651 /* I Am Poor.app */ = {isa = PBXFileReference; explicitFileType = wrapper.application; includeInIndex = 0; path = "I Am Poor.app"; sourceTree = BUILT_PRODUCTS_DIR; };
		2917F0EA2428CB1000EFE651 /* AppDelegate.swift */ = {isa = PBXFileReference; lastKnownFileType = sourcecode.swift; path = AppDelegate.swift; sourceTree = "<group>"; };
		2917F0EC2428CB1000EFE651 /* SceneDelegate.swift */ = {isa = PBXFileReference; lastKnownFileType = sourcecode.swift; path = SceneDelegate.swift; sourceTree = "<group>"; };
		2917F0EE2428CB1000EFE651 /* ViewController.swift */ = {isa = PBXFileReference; lastKnownFileType = sourcecode.swift; path = ViewController.swift; sourceTree = "<group>"; };
		2917F0F12428CB1000EFE651 /* Base */ = {isa = PBXFileReference; lastKnownFileType = file.storyboard; name = Base; path = Base.lproj/Main.storyboard; sourceTree = "<group>"; };
		2917F0F32428CB1500EFE651 /* Assets.xcassets */ = {isa = PBXFileReference; lastKnownFileType = folder.assetcatalog; path = Assets.xcassets; sourceTree = "<group>"; };
		2917F0F62428CB1500EFE651 /* Base */ = {isa = PBXFileReference; lastKnownFileType = file.storyboard; name = Base; path = Base.lproj/LaunchScreen.storyboard; sourceTree = "<group>"; };
		2917F0F82428CB1500EFE651 /* Info.plist */ = {isa = PBXFileReference; lastKnownFileType = text.plist.xml; path = Info.plist; sourceTree = "<group>"; };
		2917F0FD2428CB1500EFE651 /* I Am PoorTests.xctest */ = {isa = PBXFileReference; explicitFileType = wrapper.cfbundle; includeInIndex = 0; path = "I Am PoorTests.xctest"; sourceTree = BUILT_PRODUCTS_DIR; };
		2917F1012428CB1500EFE651 /* I_Am_PoorTests.swift */ = {isa = PBXFileReference; lastKnownFileType = sourcecode.swift; path = I_Am_PoorTests.swift; sourceTree = "<group>"; };
		2917F1032428CB1500EFE651 /* Info.plist */ = {isa = PBXFileReference; lastKnownFileType = text.plist.xml; path = Info.plist; sourceTree = "<group>"; };
		2917F1082428CB1500EFE651 /* I Am PoorUITests.xctest */ = {isa = PBXFileReference; explicitFileType = wrapper.cfbundle; includeInIndex = 0; path = "I Am PoorUITests.xctest"; sourceTree = BUILT_PRODUCTS_DIR; };
		2917F10C2428CB1500EFE651 /* I_Am_PoorUITests.swift */ = {isa = PBXFileReference; lastKnownFileType = sourcecode.swift; path = I_Am_PoorUITests.swift; sourceTree = "<group>"; };
		2917F10E2428CB1500EFE651 /* Info.plist */ = {isa = PBXFileReference; lastKnownFileType = text.plist.xml; path = Info.plist; sourceTree = "<group>"; };
/* End PBXFileReference section */

/* Begin PBXFrameworksBuildPhase section */
		2917F0E42428CB1000EFE651 /* Frameworks */ = {
			isa = PBXFrameworksBuildPhase;
			buildActionMask = 2147483647;
			files = (
			);
			runOnlyForDeploymentPostprocessing = 0;
		};
		2917F0FA2428CB1500EFE651 /* Frameworks */ = {
			isa = PBXFrameworksBuildPhase;
			buildActionMask = 2147483647;
			files = (
			);
			runOnlyForDeploymentPostprocessing = 0;
		};
		2917F1052428CB1500EFE651 /* Frameworks */ = {
			isa = PBXFrameworksBuildPhase;
			buildActionMask = 2147483647;
			files = (
			);
			runOnlyForDeploymentPostprocessing = 0;
		};
/* End PBXFrameworksBuildPhase section */

/* Begin PBXGroup section */
		2917F0DE2428CB1000EFE651 = {
			isa = PBXGroup;
			children = (
				2917F0E92428CB1000EFE651 /* I Am Poor */,
				2917F1002428CB1500EFE651 /* I Am PoorTests */,
				2917F10B2428CB1500EFE651 /* I Am PoorUITests */,
				2917F0E82428CB1000EFE651 /* Products */,
			);
			sourceTree = "<group>";
		};
		2917F0E82428CB1000EFE651 /* Products */ = {
			isa = PBXGroup;
			children = (
				2917F0E72428CB1000EFE651 /* I Am Poor.app */,
				2917F0FD2428CB1500EFE651 /* I Am PoorTests.xctest */,
				2917F1082428CB1500EFE651 /* I Am PoorUITests.xctest */,
			);
			name = Products;
			sourceTree = "<group>";
		};
		2917F0E92428CB1000EFE651 /* I Am Poor */ = {
			isa = PBXGroup;
			children = (
				2917F0EA2428CB1000EFE651 /* AppDelegate.swift */,
				2917F0EC2428CB1000EFE651 /* SceneDelegate.swift */,
				2917F0EE2428CB1000EFE651 /* ViewController.swift */,
				2917F0F02428CB1000EFE651 /* Main.storyboard */,
				2917F0F32428CB1500EFE651 /* Assets.xcassets */,
				2917F0F52428CB1500EFE651 /* LaunchScreen.storyboard */,
				2917F0F82428CB1500EFE651 /* Info.plist */,
			);
			path = "I Am Poor";
			sourceTree = "<group>";
		};
		2917F1002428CB1500EFE651 /* I Am PoorTests */ = {
			isa = PBXGroup;
			children = (
				2917F1012428CB1500EFE651 /* I_Am_PoorTests.swift */,
				2917F1032428CB1500EFE651 /* Info.plist */,
			);
			path = "I Am PoorTests";
			sourceTree = "<group>";
		};
		2917F10B2428CB1500EFE651 /* I Am PoorUITests */ = {
			isa = PBXGroup;
			children = (
				2917F10C2428CB1500EFE651 /* I_Am_PoorUITests.swift */,
				2917F10E2428CB1500EFE651 /* Info.plist */,
			);
			path = "I Am PoorUITests";
			sourceTree = "<group>";
		};
/* End PBXGroup section */

/* Begin PBXNativeTarget section */
		2917F0E62428CB1000EFE651 /* I Am Poor */ = {
			isa = PBXNativeTarget;
			buildConfigurationList = 2917F1112428CB1500EFE651 /* Build configuration list for PBXNativeTarget "I Am Poor" */;
			buildPhases = (
				2917F0E32428CB1000EFE651 /* Sources */,
				2917F0E42428CB1000EFE651 /* Frameworks */,
				2917F0E52428CB1000EFE651 /* Resources */,
			);
			buildRules = (
			);
			dependencies = (
			);
			name = "I Am Poor";
			productName = "I Am Poor";
			productReference = 2917F0E72428CB1000EFE651 /* I Am Poor.app */;
			productType = "com.apple.product-type.application";
		};
		2917F0FC2428CB1500EFE651 /* I Am PoorTests */ = {
			isa = PBXNativeTarget;
			buildConfigurationList = 2917F1142428CB1500EFE651 /* Build configuration list for PBXNativeTarget "I Am PoorTests" */;
			buildPhases = (
				2917F0F92428CB1500EFE651 /* Sources */,
				2917F0FA2428CB1500EFE651 /* Frameworks */,
				2917F0FB2428CB1500EFE651 /* Resources */,
			);
			buildRules = (
			);
			dependencies = (
				2917F0FF2428CB1500EFE651 /* PBXTargetDependency */,
			);
			name = "I Am PoorTests";
			productName = "I Am PoorTests";
			productReference = 2917F0FD2428CB1500EFE651 /* I Am PoorTests.xctest */;
			productType = "com.apple.product-type.bundle.unit-test";
		};
		2917F1072428CB1500EFE651 /* I Am PoorUITests */ = {
			isa = PBXNativeTarget;
			buildConfigurationList = 2917F1172428CB1500EFE651 /* Build configuration list for PBXNativeTarget "I Am PoorUITests" */;
			buildPhases = (
				2917F1042428CB1500EFE651 /* Sources */,
				2917F1052428CB1500EFE651 /* Frameworks */,
				2917F1062428CB1500EFE651 /* Resources */,
			);
			buildRules = (
			);
			dependencies = (
				2917F10A2428CB1500EFE651 /* PBXTargetDependency */,
			);
			name = "I Am PoorUITests";
			productName = "I Am PoorUITests";
			productReference = 2917F1082428CB1500EFE651 /* I Am PoorUITests.xctest */;
			productType = "com.apple.product-type.bundle.ui-testing";
		};
/* End PBXNativeTarget section */

/* Begin PBXProject section */
		2917F0DF2428CB1000EFE651 /* Project object */ = {
			isa = PBXProject;
			attributes = {
				LastSwiftUpdateCheck = 1130;
				LastUpgradeCheck = 1130;
				ORGANIZATIONNAME = "DaHae Kim";
				TargetAttributes = {
					2917F0E62428CB1000EFE651 = {
						CreatedOnToolsVersion = 11.3.1;
					};
					2917F0FC2428CB1500EFE651 = {
						CreatedOnToolsVersion = 11.3.1;
						TestTargetID = 2917F0E62428CB1000EFE651;
					};
					2917F1072428CB1500EFE651 = {
						CreatedOnToolsVersion = 11.3.1;
						TestTargetID = 2917F0E62428CB1000EFE651;
					};
				};
			};
			buildConfigurationList = 2917F0E22428CB1000EFE651 /* Build configuration list for PBXProject "I Am Poor" */;
			compatibilityVersion = "Xcode 9.3";
			developmentRegion = en;
			hasScannedForEncodings = 0;
			knownRegions = (
				en,
				Base,
			);
			mainGroup = 2917F0DE2428CB1000EFE651;
			productRefGroup = 2917F0E82428CB1000EFE651 /* Products */;
			projectDirPath = "";
			projectRoot = "";
			targets = (
				2917F0E62428CB1000EFE651 /* I Am Poor */,
				2917F0FC2428CB1500EFE651 /* I Am PoorTests */,
				2917F1072428CB1500EFE651 /* I Am PoorUITests */,
			);
		};
/* End PBXProject section */

/* Begin PBXResourcesBuildPhase section */
		2917F0E52428CB1000EFE651 /* Resources */ = {
			isa = PBXResourcesBuildPhase;
			buildActionMask = 2147483647;
			files = (
				2917F0F72428CB1500EFE651 /* LaunchScreen.storyboard in Resources */,
				2917F0F42428CB1500EFE651 /* Assets.xcassets in Resources */,
				2917F0F22428CB1000EFE651 /* Main.storyboard in Resources */,
			);
			runOnlyForDeploymentPostprocessing = 0;
		};
		2917F0FB2428CB1500EFE651 /* Resources */ = {
			isa = PBXResourcesBuildPhase;
			buildActionMask = 2147483647;
			files = (
			);
			runOnlyForDeploymentPostprocessing = 0;
		};
		2917F1062428CB1500EFE651 /* Resources */ = {
			isa = PBXResourcesBuildPhase;
			buildActionMask = 2147483647;
			files = (
			);
			runOnlyForDeploymentPostprocessing = 0;
		};
/* End PBXResourcesBuildPhase section */

/* Begin PBXSourcesBuildPhase section */
		2917F0E32428CB1000EFE651 /* Sources */ = {
			isa = PBXSourcesBuildPhase;
			buildActionMask = 2147483647;
			files = (
				2917F0EF2428CB1000EFE651 /* ViewController.swift in Sources */,
				2917F0EB2428CB1000EFE651 /* AppDelegate.swift in Sources */,
				2917F0ED2428CB1000EFE651 /* SceneDelegate.swift in Sources */,
			);
			runOnlyForDeploymentPostprocessing = 0;
		};
		2917F0F92428CB1500EFE651 /* Sources */ = {
			isa = PBXSourcesBuildPhase;
			buildActionMask = 2147483647;
			files = (
				2917F1022428CB1500EFE651 /* I_Am_PoorTests.swift in Sources */,
			);
			runOnlyForDeploymentPostprocessing = 0;
		};
		2917F1042428CB1500EFE651 /* Sources */ = {
			isa = PBXSourcesBuildPhase;
			buildActionMask = 2147483647;
			files = (
				2917F10D2428CB1500EFE651 /* I_Am_PoorUITests.swift in Sources */,
			);
			runOnlyForDeploymentPostprocessing = 0;
		};
/* End PBXSourcesBuildPhase section */

/* Begin PBXTargetDependency section */
		2917F0FF2428CB1500EFE651 /* PBXTargetDependency */ = {
			isa = PBXTargetDependency;
			target = 2917F0E62428CB1000EFE651 /* I Am Poor */;
			targetProxy = 2917F0FE2428CB1500EFE651 /* PBXContainerItemProxy */;
		};
		2917F10A2428CB1500EFE651 /* PBXTargetDependency */ = {
			isa = PBXTargetDependency;
			target = 2917F0E62428CB1000EFE651 /* I Am Poor */;
			targetProxy = 2917F1092428CB1500EFE651 /* PBXContainerItemProxy */;
		};
/* End PBXTargetDependency section */

/* Begin PBXVariantGroup section */
		2917F0F02428CB1000EFE651 /* Main.storyboard */ = {
			isa = PBXVariantGroup;
			children = (
				2917F0F12428CB1000EFE651 /* Base */,
			);
			name = Main.storyboard;
			sourceTree = "<group>";
		};
		2917F0F52428CB1500EFE651 /* LaunchScreen.storyboard */ = {
			isa = PBXVariantGroup;
			children = (
				2917F0F62428CB1500EFE651 /* Base */,
			);
			name = LaunchScreen.storyboard;
			sourceTree = "<group>";
		};
/* End PBXVariantGroup section */

/* Begin XCBuildConfiguration section */
		2917F10F2428CB1500EFE651 /* Debug */ = {
			isa = XCBuildConfiguration;
			buildSettings = {
				ALWAYS_SEARCH_USER_PATHS = NO;
				CLANG_ANALYZER_NONNULL = YES;
				CLANG_ANALYZER_NUMBER_OBJECT_CONVERSION = YES_AGGRESSIVE;
				CLANG_CXX_LANGUAGE_STANDARD = "gnu++14";
				CLANG_CXX_LIBRARY = "libc++";
				CLANG_ENABLE_MODULES = YES;
				CLANG_ENABLE_OBJC_ARC = YES;
				CLANG_ENABLE_OBJC_WEAK = YES;
				CLANG_WARN_BLOCK_CAPTURE_AUTORELEASING = YES;
				CLANG_WARN_BOOL_CONVERSION = YES;
				CLANG_WARN_COMMA = YES;
				CLANG_WARN_CONSTANT_CONVERSION = YES;
				CLANG_WARN_DEPRECATED_OBJC_IMPLEMENTATIONS = YES;
				CLANG_WARN_DIRECT_OBJC_ISA_USAGE = YES_ERROR;
				CLANG_WARN_DOCUMENTATION_COMMENTS = YES;
				CLANG_WARN_EMPTY_BODY = YES;
				CLANG_WARN_ENUM_CONVERSION = YES;
				CLANG_WARN_INFINITE_RECURSION = YES;
				CLANG_WARN_INT_CONVERSION = YES;
				CLANG_WARN_NON_LITERAL_NULL_CONVERSION = YES;
				CLANG_WARN_OBJC_IMPLICIT_RETAIN_SELF = YES;
				CLANG_WARN_OBJC_LITERAL_CONVERSION = YES;
				CLANG_WARN_OBJC_ROOT_CLASS = YES_ERROR;
				CLANG_WARN_RANGE_LOOP_ANALYSIS = YES;
				CLANG_WARN_STRICT_PROTOTYPES = YES;
				CLANG_WARN_SUSPICIOUS_MOVE = YES;
				CLANG_WARN_UNGUARDED_AVAILABILITY = YES_AGGRESSIVE;
				CLANG_WARN_UNREACHABLE_CODE = YES;
				CLANG_WARN__DUPLICATE_METHOD_MATCH = YES;
				COPY_PHASE_STRIP = NO;
				DEBUG_INFORMATION_FORMAT = dwarf;
				ENABLE_STRICT_OBJC_MSGSEND = YES;
				ENABLE_TESTABILITY = YES;
				GCC_C_LANGUAGE_STANDARD = gnu11;
				GCC_DYNAMIC_NO_PIC = NO;
				GCC_NO_COMMON_BLOCKS = YES;
				GCC_OPTIMIZATION_LEVEL = 0;
				GCC_PREPROCESSOR_DEFINITIONS = (
					"DEBUG=1",
					"$(inherited)",
				);
				GCC_WARN_64_TO_32_BIT_CONVERSION = YES;
				GCC_WARN_ABOUT_RETURN_TYPE = YES_ERROR;
				GCC_WARN_UNDECLARED_SELECTOR = YES;
				GCC_WARN_UNINITIALIZED_AUTOS = YES_AGGRESSIVE;
				GCC_WARN_UNUSED_FUNCTION = YES;
				GCC_WARN_UNUSED_VARIABLE = YES;
				IPHONEOS_DEPLOYMENT_TARGET = 13.2;
				MTL_ENABLE_DEBUG_INFO = INCLUDE_SOURCE;
				MTL_FAST_MATH = YES;
				ONLY_ACTIVE_ARCH = YES;
				SDKROOT = iphoneos;
				SWIFT_ACTIVE_COMPILATION_CONDITIONS = DEBUG;
				SWIFT_OPTIMIZATION_LEVEL = "-Onone";
			};
			name = Debug;
		};
		2917F1102428CB1500EFE651 /* Release */ = {
			isa = XCBuildConfiguration;
			buildSettings = {
				ALWAYS_SEARCH_USER_PATHS = NO;
				CLANG_ANALYZER_NONNULL = YES;
				CLANG_ANALYZER_NUMBER_OBJECT_CONVERSION = YES_AGGRESSIVE;
				CLANG_CXX_LANGUAGE_STANDARD = "gnu++14";
				CLANG_CXX_LIBRARY = "libc++";
				CLANG_ENABLE_MODULES = YES;
				CLANG_ENABLE_OBJC_ARC = YES;
				CLANG_ENABLE_OBJC_WEAK = YES;
				CLANG_WARN_BLOCK_CAPTURE_AUTORELEASING = YES;
				CLANG_WARN_BOOL_CONVERSION = YES;
				CLANG_WARN_COMMA = YES;
				CLANG_WARN_CONSTANT_CONVERSION = YES;
				CLANG_WARN_DEPRECATED_OBJC_IMPLEMENTATIONS = YES;
				CLANG_WARN_DIRECT_OBJC_ISA_USAGE = YES_ERROR;
				CLANG_WARN_DOCUMENTATION_COMMENTS = YES;
				CLANG_WARN_EMPTY_BODY = YES;
				CLANG_WARN_ENUM_CONVERSION = YES;
				CLANG_WARN_INFINITE_RECURSION = YES;
				CLANG_WARN_INT_CONVERSION = YES;
				CLANG_WARN_NON_LITERAL_NULL_CONVERSION = YES;
				CLANG_WARN_OBJC_IMPLICIT_RETAIN_SELF = YES;
				CLANG_WARN_OBJC_LITERAL_CONVERSION = YES;
				CLANG_WARN_OBJC_ROOT_CLASS = YES_ERROR;
				CLANG_WARN_RANGE_LOOP_ANALYSIS = YES;
				CLANG_WARN_STRICT_PROTOTYPES = YES;
				CLANG_WARN_SUSPICIOUS_MOVE = YES;
				CLANG_WARN_UNGUARDED_AVAILABILITY = YES_AGGRESSIVE;
				CLANG_WARN_UNREACHABLE_CODE = YES;
				CLANG_WARN__DUPLICATE_METHOD_MATCH = YES;
				COPY_PHASE_STRIP = NO;
				DEBUG_INFORMATION_FORMAT = "dwarf-with-dsym";
				ENABLE_NS_ASSERTIONS = NO;
				ENABLE_STRICT_OBJC_MSGSEND = YES;
				GCC_C_LANGUAGE_STANDARD = gnu11;
				GCC_NO_COMMON_BLOCKS = YES;
				GCC_WARN_64_TO_32_BIT_CONVERSION = YES;
				GCC_WARN_ABOUT_RETURN_TYPE = YES_ERROR;
				GCC_WARN_UNDECLARED_SELECTOR = YES;
				GCC_WARN_UNINITIALIZED_AUTOS = YES_AGGRESSIVE;
				GCC_WARN_UNUSED_FUNCTION = YES;
				GCC_WARN_UNUSED_VARIABLE = YES;
				IPHONEOS_DEPLOYMENT_TARGET = 13.2;
				MTL_ENABLE_DEBUG_INFO = NO;
				MTL_FAST_MATH = YES;
				SDKROOT = iphoneos;
				SWIFT_COMPILATION_MODE = wholemodule;
				SWIFT_OPTIMIZATION_LEVEL = "-O";
				VALIDATE_PRODUCT = YES;
			};
			name = Release;
		};
		2917F1122428CB1500EFE651 /* Debug */ = {
			isa = XCBuildConfiguration;
			buildSettings = {
				ASSETCATALOG_COMPILER_APPICON_NAME = AppIcon;
				CODE_SIGN_STYLE = Automatic;
				DEVELOPMENT_TEAM = 87BH34CAP6;
				INFOPLIST_FILE = "I Am Poor/Info.plist";
				LD_RUNPATH_SEARCH_PATHS = (
					"$(inherited)",
					"@executable_path/Frameworks",
				);
				PRODUCT_BUNDLE_IDENTIFIER = "com.dadong.I-Am-Poor";
				PRODUCT_NAME = "$(TARGET_NAME)";
				SWIFT_VERSION = 5.0;
				TARGETED_DEVICE_FAMILY = "1,2";
			};
			name = Debug;
		};
		2917F1132428CB1500EFE651 /* Release */ = {
			isa = XCBuildConfiguration;
			buildSettings = {
				ASSETCATALOG_COMPILER_APPICON_NAME = AppIcon;
				CODE_SIGN_STYLE = Automatic;
				DEVELOPMENT_TEAM = 87BH34CAP6;
				INFOPLIST_FILE = "I Am Poor/Info.plist";
				LD_RUNPATH_SEARCH_PATHS = (
					"$(inherited)",
					"@executable_path/Frameworks",
				);
				PRODUCT_BUNDLE_IDENTIFIER = "com.dadong.I-Am-Poor";
				PRODUCT_NAME = "$(TARGET_NAME)";
				SWIFT_VERSION = 5.0;
				TARGETED_DEVICE_FAMILY = "1,2";
			};
			name = Release;
		};
		2917F1152428CB1500EFE651 /* Debug */ = {
			isa = XCBuildConfiguration;
			buildSettings = {
				ALWAYS_EMBED_SWIFT_STANDARD_LIBRARIES = YES;
				BUNDLE_LOADER = "$(TEST_HOST)";
				CODE_SIGN_STYLE = Automatic;
				DEVELOPMENT_TEAM = 87BH34CAP6;
				INFOPLIST_FILE = "I Am PoorTests/Info.plist";
				IPHONEOS_DEPLOYMENT_TARGET = 13.2;
				LD_RUNPATH_SEARCH_PATHS = (
					"$(inherited)",
					"@executable_path/Frameworks",
					"@loader_path/Frameworks",
				);
				PRODUCT_BUNDLE_IDENTIFIER = "com.dadong.I-Am-PoorTests";
				PRODUCT_NAME = "$(TARGET_NAME)";
				SWIFT_VERSION = 5.0;
				TARGETED_DEVICE_FAMILY = "1,2";
				TEST_HOST = "$(BUILT_PRODUCTS_DIR)/I Am Poor.app/I Am Poor";
			};
			name = Debug;
		};
		2917F1162428CB1500EFE651 /* Release */ = {
			isa = XCBuildConfiguration;
			buildSettings = {
				ALWAYS_EMBED_SWIFT_STANDARD_LIBRARIES = YES;
				BUNDLE_LOADER = "$(TEST_HOST)";
				CODE_SIGN_STYLE = Automatic;
				DEVELOPMENT_TEAM = 87BH34CAP6;
				INFOPLIST_FILE = "I Am PoorTests/Info.plist";
				IPHONEOS_DEPLOYMENT_TARGET = 13.2;
				LD_RUNPATH_SEARCH_PATHS = (
					"$(inherited)",
					"@executable_path/Frameworks",
					"@loader_path/Frameworks",
				);
				PRODUCT_BUNDLE_IDENTIFIER = "com.dadong.I-Am-PoorTests";
				PRODUCT_NAME = "$(TARGET_NAME)";
				SWIFT_VERSION = 5.0;
				TARGETED_DEVICE_FAMILY = "1,2";
				TEST_HOST = "$(BUILT_PRODUCTS_DIR)/I Am Poor.app/I Am Poor";
			};
			name = Release;
		};
		2917F1182428CB1500EFE651 /* Debug */ = {
			isa = XCBuildConfiguration;
			buildSettings = {
				ALWAYS_EMBED_SWIFT_STANDARD_LIBRARIES = YES;
				CODE_SIGN_STYLE = Automatic;
				DEVELOPMENT_TEAM = 87BH34CAP6;
				INFOPLIST_FILE = "I Am PoorUITests/Info.plist";
				LD_RUNPATH_SEARCH_PATHS = (
					"$(inherited)",
					"@executable_path/Frameworks",
					"@loader_path/Frameworks",
				);
				PRODUCT_BUNDLE_IDENTIFIER = "com.dadong.I-Am-PoorUITests";
				PRODUCT_NAME = "$(TARGET_NAME)";
				SWIFT_VERSION = 5.0;
				TARGETED_DEVICE_FAMILY = "1,2";
				TEST_TARGET_NAME = "I Am Poor";
			};
			name = Debug;
		};
		2917F1192428CB1500EFE651 /* Release */ = {
			isa = XCBuildConfiguration;
			buildSettings = {
				ALWAYS_EMBED_SWIFT_STANDARD_LIBRARIES = YES;
				CODE_SIGN_STYLE = Automatic;
				DEVELOPMENT_TEAM = 87BH34CAP6;
				INFOPLIST_FILE = "I Am PoorUITests/Info.plist";
				LD_RUNPATH_SEARCH_PATHS = (
					"$(inherited)",
					"@executable_path/Frameworks",
					"@loader_path/Frameworks",
				);
				PRODUCT_BUNDLE_IDENTIFIER = "com.dadong.I-Am-PoorUITests";
				PRODUCT_NAME = "$(TARGET_NAME)";
				SWIFT_VERSION = 5.0;
				TARGETED_DEVICE_FAMILY = "1,2";
				TEST_TARGET_NAME = "I Am Poor";
			};
			name = Release;
		};
/* End XCBuildConfiguration section */

/* Begin XCConfigurationList section */
		2917F0E22428CB1000EFE651 /* Build configuration list for PBXProject "I Am Poor" */ = {
			isa = XCConfigurationList;
			buildConfigurations = (
				2917F10F2428CB1500EFE651 /* Debug */,
				2917F1102428CB1500EFE651 /* Release */,
			);
			defaultConfigurationIsVisible = 0;
			defaultConfigurationName = Release;
		};
		2917F1112428CB1500EFE651 /* Build configuration list for PBXNativeTarget "I Am Poor" */ = {
			isa = XCConfigurationList;
			buildConfigurations = (
				2917F1122428CB1500EFE651 /* Debug */,
				2917F1132428CB1500EFE651 /* Release */,
			);
			defaultConfigurationIsVisible = 0;
			defaultConfigurationName = Release;
		};
		2917F1142428CB1500EFE651 /* Build configuration list for PBXNativeTarget "I Am PoorTests" */ = {
			isa = XCConfigurationList;
			buildConfigurations = (
				2917F1152428CB1500EFE651 /* Debug */,
				2917F1162428CB1500EFE651 /* Release */,
			);
			defaultConfigurationIsVisible = 0;
			defaultConfigurationName = Release;
		};
		2917F1172428CB1500EFE651 /* Build configuration list for PBXNativeTarget "I Am PoorUITests" */ = {
			isa = XCConfigurationList;
			buildConfigurations = (
				2917F1182428CB1500EFE651 /* Debug */,
				2917F1192428CB1500EFE651 /* Release */,
			);
			defaultConfigurationIsVisible = 0;
			defaultConfigurationName = Release;
		};
/* End XCConfigurationList section */
	};
	rootObject = 2917F0DF2428CB1000EFE651 /* Project object */;
}
